
Microsoft Visual Studio Solution File, Format Version 12.00
# Visual Studio Version 16
VisualStudioVersion = 16.0.31729.503
MinimumVisualStudioVersion = 10.0.40219.1
Project("{9A19103F-16F7-4668-BE54-9A1E7A4F7556}") = "Mud.Server", "Mud\Server\Mud.Server.csproj", "{239297F6-9287-475B-A2B4-9B7C20FFF4B2}"
EndProject
Project("{9A19103F-16F7-4668-BE54-9A1E7A4F7556}") = "Mud.Client", "Mud\Client\Mud.Client.csproj", "{8BDD5167-FABF-4834-84DF-E4B5CE44DCB6}"
EndProject
Project("{9A19103F-16F7-4668-BE54-9A1E7A4F7556}") = "Mud.Shared", "Mud\Shared\Mud.Shared.csproj", "{FAC4AC6B-BB1E-43FD-9B67-DEA6B93715EC}"
EndProject
Global
	GlobalSection(SolutionConfigurationPlatforms) = preSolution
		Debug|Any CPU = Debug|Any CPU
		Release|Any CPU = Release|Any CPU
	EndGlobalSection
	GlobalSection(ProjectConfigurationPlatforms) = postSolution
		{239297F6-9287-475B-A2B4-9B7C20FFF4B2}.Debug|Any CPU.ActiveCfg = Debug|Any CPU
		{239297F6-9287-475B-A2B4-9B7C20FFF4B2}.Debug|Any CPU.Build.0 = Debug|Any CPU
		{239297F6-9287-475B-A2B4-9B7C20FFF4B2}.Release|Any CPU.ActiveCfg = Release|Any CPU
		{239297F6-9287-475B-A2B4-9B7C20FFF4B2}.Release|Any CPU.Build.0 = Release|Any CPU
		{8BDD5167-FABF-4834-84DF-E4B5CE44DCB6}.Debug|Any CPU.ActiveCfg = Debug|Any CPU
		{8BDD5167-FABF-4834-84DF-E4B5CE44DCB6}.Debug|Any CPU.Build.0 = Debug|Any CPU
		{8BDD5167-FABF-4834-84DF-E4B5CE44DCB6}.Release|Any CPU.ActiveCfg = Release|Any CPU
		{8BDD5167-FABF-4834-84DF-E4B5CE44DCB6}.Release|Any CPU.Build.0 = Release|Any CPU
		{FAC4AC6B-BB1E-43FD-9B67-DEA6B93715EC}.Debug|Any CPU.ActiveCfg = Debug|Any CPU
		{FAC4AC6B-BB1E-43FD-9B67-DEA6B93715EC}.Debug|Any CPU.Build.0 = Debug|Any CPU
		{FAC4AC6B-BB1E-43FD-9B67-DEA6B93715EC}.Release|Any CPU.ActiveCfg = Release|Any CPU
		{FAC4AC6B-BB1E-43FD-9B67-DEA6B93715EC}.Release|Any CPU.Build.0 = Release|Any CPU
	EndGlobalSection
	GlobalSection(SolutionProperties) = preSolution
		HideSolutionNode = FALSE
	EndGlobalSection
	GlobalSection(ExtensibilityGlobals) = postSolution
		SolutionGuid = {6F656B3B-AD55-4E9A-85CE-EA0D4238534F}
	EndGlobalSection
EndGlobal
